
Microsoft Visual Studio Solution File, Format Version 12.00
# Visual Studio Version 17
VisualStudioVersion = 17.7.34202.233
MinimumVisualStudioVersion = 10.0.40219.1
Project("{FAE04EC0-301F-11D3-BF4B-00C04F79EFBC}") = "EDPProjectGrp2", "EDPProjectGrp2\EDPProjectGrp2.csproj", "{86D2826F-E9DF-46C4-A9EC-9834C46E75D5}"
EndProject
Global
	GlobalSection(SolutionConfigurationPlatforms) = preSolution
		Debug|Any CPU = Debug|Any CPU
		Release|Any CPU = Release|Any CPU
	EndGlobalSection
	GlobalSection(ProjectConfigurationPlatforms) = postSolution
		{86D2826F-E9DF-46C4-A9EC-9834C46E75D5}.Debug|Any CPU.ActiveCfg = Debug|Any CPU
		{86D2826F-E9DF-46C4-A9EC-9834C46E75D5}.Debug|Any CPU.Build.0 = Debug|Any CPU
		{86D2826F-E9DF-46C4-A9EC-9834C46E75D5}.Release|Any CPU.ActiveCfg = Release|Any CPU
		{86D2826F-E9DF-46C4-A9EC-9834C46E75D5}.Release|Any CPU.Build.0 = Release|Any CPU
	EndGlobalSection
	GlobalSection(SolutionProperties) = preSolution
		HideSolutionNode = FALSE
	EndGlobalSection
	GlobalSection(ExtensibilityGlobals) = postSolution
		SolutionGuid = {14DB4E8A-0A03-401F-A9F3-A792F6669F80}
	EndGlobalSection
EndGlobal
